// !$*UTF8*$!
{
	archiveVersion = 1;
	classes = {
	};
	objectVersion = 56;
	objects = {

/* Begin PBXBuildFile section */
		D356221F2857A70246941E41 /* Pods_SectorKids.framework in Frameworks */ = {isa = PBXBuildFile; fileRef = 8EAF2016294860230C9C2AFE /* Pods_SectorKids.framework */; };
		DC17E4E129C2EBC600E0FBD5 /* StatisticsVC.swift in Sources */ = {isa = PBXBuildFile; fileRef = DC17E4DF29C2EBC600E0FBD5 /* StatisticsVC.swift */; };
		DC17E4E229C2EBC600E0FBD5 /* StatisticsVC.xib in Resources */ = {isa = PBXBuildFile; fileRef = DC17E4E029C2EBC600E0FBD5 /* StatisticsVC.xib */; };
		DC17E4E629C2EC5F00E0FBD5 /* ProfileVC.swift in Sources */ = {isa = PBXBuildFile; fileRef = DC17E4E429C2EC5F00E0FBD5 /* ProfileVC.swift */; };
		DC17E4E729C2EC5F00E0FBD5 /* ProfileVC.xib in Resources */ = {isa = PBXBuildFile; fileRef = DC17E4E529C2EC5F00E0FBD5 /* ProfileVC.xib */; };
		DC17E4F829C2EE8D00E0FBD5 /* Roboto-Medium.ttf in Resources */ = {isa = PBXBuildFile; fileRef = DC17E4EB29C2EE8D00E0FBD5 /* Roboto-Medium.ttf */; };
		DC17E4F929C2EE8D00E0FBD5 /* Roboto-Light.ttf in Resources */ = {isa = PBXBuildFile; fileRef = DC17E4EC29C2EE8D00E0FBD5 /* Roboto-Light.ttf */; };
		DC17E4FA29C2EE8D00E0FBD5 /* Roboto-Regular.ttf in Resources */ = {isa = PBXBuildFile; fileRef = DC17E4ED29C2EE8D00E0FBD5 /* Roboto-Regular.ttf */; };
		DC17E4FB29C2EE8D00E0FBD5 /* Roboto-MediumItalic.ttf in Resources */ = {isa = PBXBuildFile; fileRef = DC17E4EE29C2EE8D00E0FBD5 /* Roboto-MediumItalic.ttf */; };
		DC17E4FC29C2EE8D00E0FBD5 /* Roboto-ThinItalic.ttf in Resources */ = {isa = PBXBuildFile; fileRef = DC17E4EF29C2EE8D00E0FBD5 /* Roboto-ThinItalic.ttf */; };
		DC17E4FD29C2EE8D00E0FBD5 /* Roboto-BoldItalic.ttf in Resources */ = {isa = PBXBuildFile; fileRef = DC17E4F029C2EE8D00E0FBD5 /* Roboto-BoldItalic.ttf */; };
		DC17E4FE29C2EE8D00E0FBD5 /* Roboto-LightItalic.ttf in Resources */ = {isa = PBXBuildFile; fileRef = DC17E4F129C2EE8D00E0FBD5 /* Roboto-LightItalic.ttf */; };
		DC17E4FF29C2EE8D00E0FBD5 /* Roboto-Italic.ttf in Resources */ = {isa = PBXBuildFile; fileRef = DC17E4F229C2EE8D00E0FBD5 /* Roboto-Italic.ttf */; };
		DC17E50029C2EE8D00E0FBD5 /* LICENSE.txt in Resources */ = {isa = PBXBuildFile; fileRef = DC17E4F329C2EE8D00E0FBD5 /* LICENSE.txt */; };
		DC17E50129C2EE8D00E0FBD5 /* Roboto-BlackItalic.ttf in Resources */ = {isa = PBXBuildFile; fileRef = DC17E4F429C2EE8D00E0FBD5 /* Roboto-BlackItalic.ttf */; };
		DC17E50229C2EE8D00E0FBD5 /* Roboto-Bold.ttf in Resources */ = {isa = PBXBuildFile; fileRef = DC17E4F529C2EE8D00E0FBD5 /* Roboto-Bold.ttf */; };
		DC17E50329C2EE8D00E0FBD5 /* Roboto-Thin.ttf in Resources */ = {isa = PBXBuildFile; fileRef = DC17E4F629C2EE8D00E0FBD5 /* Roboto-Thin.ttf */; };
		DC17E50429C2EE8D00E0FBD5 /* Roboto-Black.ttf in Resources */ = {isa = PBXBuildFile; fileRef = DC17E4F729C2EE8D00E0FBD5 /* Roboto-Black.ttf */; };
		DC17E50829C2EEC900E0FBD5 /* Enums.swift in Sources */ = {isa = PBXBuildFile; fileRef = DC17E50729C2EEC900E0FBD5 /* Enums.swift */; };
		DC17E50A29C2EFCD00E0FBD5 /* Extensions.swift in Sources */ = {isa = PBXBuildFile; fileRef = DC17E50929C2EFCD00E0FBD5 /* Extensions.swift */; };
		DC17E50E29C4258F00E0FBD5 /* WelcomeVC.swift in Sources */ = {isa = PBXBuildFile; fileRef = DC17E50C29C4258F00E0FBD5 /* WelcomeVC.swift */; };
		DC17E50F29C4258F00E0FBD5 /* WelcomeVC.xib in Resources */ = {isa = PBXBuildFile; fileRef = DC17E50D29C4258F00E0FBD5 /* WelcomeVC.xib */; };
		DC17E51329C43DC900E0FBD5 /* RegisterVC.swift in Sources */ = {isa = PBXBuildFile; fileRef = DC17E51129C43DC900E0FBD5 /* RegisterVC.swift */; };
		DC17E51429C43DC900E0FBD5 /* RegisterVC.xib in Resources */ = {isa = PBXBuildFile; fileRef = DC17E51229C43DC900E0FBD5 /* RegisterVC.xib */; };
		DC25F2BE29DAB5DF000E17BF /* Net.swift in Sources */ = {isa = PBXBuildFile; fileRef = DC25F2BD29DAB5DF000E17BF /* Net.swift */; };
		DC25F2C129DAB69E000E17BF /* API.swift in Sources */ = {isa = PBXBuildFile; fileRef = DC25F2C029DAB69E000E17BF /* API.swift */; };
		DC25F2C329DAB6CF000E17BF /* Reachability.swift in Sources */ = {isa = PBXBuildFile; fileRef = DC25F2C229DAB6CF000E17BF /* Reachability.swift */; };
		DC25F2C629DAB793000E17BF /* Loader.swift in Sources */ = {isa = PBXBuildFile; fileRef = DC25F2C529DAB793000E17BF /* Loader.swift */; };
		DC25F2C929DAB7F7000E17BF /* Cache.swift in Sources */ = {isa = PBXBuildFile; fileRef = DC25F2C829DAB7F7000E17BF /* Cache.swift */; };
		DC25F2CC29DAD005000E17BF /* UserDM.swift in Sources */ = {isa = PBXBuildFile; fileRef = DC25F2CB29DAD005000E17BF /* UserDM.swift */; };
		DC25F2D029DADDC8000E17BF /* LoginVC.swift in Sources */ = {isa = PBXBuildFile; fileRef = DC25F2CE29DADDC8000E17BF /* LoginVC.swift */; };
		DC25F2D129DADDC8000E17BF /* LoginVC.xib in Resources */ = {isa = PBXBuildFile; fileRef = DC25F2CF29DADDC8000E17BF /* LoginVC.xib */; };
		DC25F2D529DBE698000E17BF /* CreateChildVC.swift in Sources */ = {isa = PBXBuildFile; fileRef = DC25F2D329DBE698000E17BF /* CreateChildVC.swift */; };
		DC25F2D629DBE698000E17BF /* CreateChildVC.xib in Resources */ = {isa = PBXBuildFile; fileRef = DC25F2D429DBE698000E17BF /* CreateChildVC.xib */; };
		DC31826629CEE4800036BAAA /* ChartView.swift in Sources */ = {isa = PBXBuildFile; fileRef = DC31826529CEE4800036BAAA /* ChartView.swift */; };
		DC31826A29CEF77D0036BAAA /* SOSVC.swift in Sources */ = {isa = PBXBuildFile; fileRef = DC31826829CEF77D0036BAAA /* SOSVC.swift */; };
		DC31826B29CEF77D0036BAAA /* SOSVC.xib in Resources */ = {isa = PBXBuildFile; fileRef = DC31826929CEF77D0036BAAA /* SOSVC.xib */; };
		DC31826D29D165E30036BAAA /* Alert.swift in Sources */ = {isa = PBXBuildFile; fileRef = DC31826C29D165E30036BAAA /* Alert.swift */; };
		DC31826F29D166140036BAAA /* Vibration.swift in Sources */ = {isa = PBXBuildFile; fileRef = DC31826E29D166140036BAAA /* Vibration.swift */; };
		DC4DC98929CC497A0025D866 /* OTPVC.swift in Sources */ = {isa = PBXBuildFile; fileRef = DC4DC98729CC497A0025D866 /* OTPVC.swift */; };
		DC4DC98A29CC497A0025D866 /* OTPVC.xib in Resources */ = {isa = PBXBuildFile; fileRef = DC4DC98829CC497A0025D866 /* OTPVC.xib */; };
		DC4DC98E29CD70570025D866 /* ProfileImageTVC.swift in Sources */ = {isa = PBXBuildFile; fileRef = DC4DC98C29CD70570025D866 /* ProfileImageTVC.swift */; };
		DC4DC98F29CD70570025D866 /* ProfileImageTVC.xib in Resources */ = {isa = PBXBuildFile; fileRef = DC4DC98D29CD70570025D866 /* ProfileImageTVC.xib */; };
		DCB7C4B629DD7D1B002594F0 /* RecordListVC.swift in Sources */ = {isa = PBXBuildFile; fileRef = DCB7C4B429DD7D1B002594F0 /* RecordListVC.swift */; };
		DCB7C4B729DD7D1B002594F0 /* RecordListVC.xib in Resources */ = {isa = PBXBuildFile; fileRef = DCB7C4B529DD7D1B002594F0 /* RecordListVC.xib */; };
		DCB7C4BF29DD7E16002594F0 /* RecordListTVC.swift in Sources */ = {isa = PBXBuildFile; fileRef = DCB7C4BD29DD7E16002594F0 /* RecordListTVC.swift */; };
		DCB7C4C029DD7E16002594F0 /* RecordListTVC.xib in Resources */ = {isa = PBXBuildFile; fileRef = DCB7C4BE29DD7E16002594F0 /* RecordListTVC.xib */; };
		DCB7C4C329DEA442002594F0 /* Socket.swift in Sources */ = {isa = PBXBuildFile; fileRef = DCB7C4C229DEA442002594F0 /* Socket.swift */; };
		DCE5D55829C1CE5B00B1D0F6 /* AppDelegate.swift in Sources */ = {isa = PBXBuildFile; fileRef = DCE5D55729C1CE5B00B1D0F6 /* AppDelegate.swift */; };
		DCE5D55A29C1CE5B00B1D0F6 /* SceneDelegate.swift in Sources */ = {isa = PBXBuildFile; fileRef = DCE5D55929C1CE5B00B1D0F6 /* SceneDelegate.swift */; };
		DCE5D56129C1CE5E00B1D0F6 /* Assets.xcassets in Resources */ = {isa = PBXBuildFile; fileRef = DCE5D56029C1CE5E00B1D0F6 /* Assets.xcassets */; };
		DCE5D56429C1CE5E00B1D0F6 /* LaunchScreen.storyboard in Resources */ = {isa = PBXBuildFile; fileRef = DCE5D56229C1CE5E00B1D0F6 /* LaunchScreen.storyboard */; };
		DCE5D56C29C1EBAC00B1D0F6 /* MainTabbarVC.swift in Sources */ = {isa = PBXBuildFile; fileRef = DCE5D56B29C1EBAC00B1D0F6 /* MainTabbarVC.swift */; };
		DCE5D57029C1EBE300B1D0F6 /* MainVC.swift in Sources */ = {isa = PBXBuildFile; fileRef = DCE5D56E29C1EBE300B1D0F6 /* MainVC.swift */; };
		DCE5D57129C1EBE300B1D0F6 /* MainVC.xib in Resources */ = {isa = PBXBuildFile; fileRef = DCE5D56F29C1EBE300B1D0F6 /* MainVC.xib */; };
/* End PBXBuildFile section */

/* Begin PBXFileReference section */
		4C9F09A1585BA8CBE6AAD2AE /* Pods-SectorKids.release.xcconfig */ = {isa = PBXFileReference; includeInIndex = 1; lastKnownFileType = text.xcconfig; name = "Pods-SectorKids.release.xcconfig"; path = "Target Support Files/Pods-SectorKids/Pods-SectorKids.release.xcconfig"; sourceTree = "<group>"; };
		8EAF2016294860230C9C2AFE /* Pods_SectorKids.framework */ = {isa = PBXFileReference; explicitFileType = wrapper.framework; includeInIndex = 0; path = Pods_SectorKids.framework; sourceTree = BUILT_PRODUCTS_DIR; };
		DC17E4DF29C2EBC600E0FBD5 /* StatisticsVC.swift */ = {isa = PBXFileReference; lastKnownFileType = sourcecode.swift; path = StatisticsVC.swift; sourceTree = "<group>"; };
		DC17E4E029C2EBC600E0FBD5 /* StatisticsVC.xib */ = {isa = PBXFileReference; lastKnownFileType = file.xib; path = StatisticsVC.xib; sourceTree = "<group>"; };
		DC17E4E429C2EC5F00E0FBD5 /* ProfileVC.swift */ = {isa = PBXFileReference; lastKnownFileType = sourcecode.swift; path = ProfileVC.swift; sourceTree = "<group>"; };
		DC17E4E529C2EC5F00E0FBD5 /* ProfileVC.xib */ = {isa = PBXFileReference; lastKnownFileType = file.xib; path = ProfileVC.xib; sourceTree = "<group>"; };
		DC17E4EB29C2EE8D00E0FBD5 /* Roboto-Medium.ttf */ = {isa = PBXFileReference; lastKnownFileType = file; path = "Roboto-Medium.ttf"; sourceTree = "<group>"; };
		DC17E4EC29C2EE8D00E0FBD5 /* Roboto-Light.ttf */ = {isa = PBXFileReference; lastKnownFileType = file; path = "Roboto-Light.ttf"; sourceTree = "<group>"; };
		DC17E4ED29C2EE8D00E0FBD5 /* Roboto-Regular.ttf */ = {isa = PBXFileReference; lastKnownFileType = file; path = "Roboto-Regular.ttf"; sourceTree = "<group>"; };
		DC17E4EE29C2EE8D00E0FBD5 /* Roboto-MediumItalic.ttf */ = {isa = PBXFileReference; lastKnownFileType = file; path = "Roboto-MediumItalic.ttf"; sourceTree = "<group>"; };
		DC17E4EF29C2EE8D00E0FBD5 /* Roboto-ThinItalic.ttf */ = {isa = PBXFileReference; lastKnownFileType = file; path = "Roboto-ThinItalic.ttf"; sourceTree = "<group>"; };
		DC17E4F029C2EE8D00E0FBD5 /* Roboto-BoldItalic.ttf */ = {isa = PBXFileReference; lastKnownFileType = file; path = "Roboto-BoldItalic.ttf"; sourceTree = "<group>"; };
		DC17E4F129C2EE8D00E0FBD5 /* Roboto-LightItalic.ttf */ = {isa = PBXFileReference; lastKnownFileType = file; path = "Roboto-LightItalic.ttf"; sourceTree = "<group>"; };
		DC17E4F229C2EE8D00E0FBD5 /* Roboto-Italic.ttf */ = {isa = PBXFileReference; lastKnownFileType = file; path = "Roboto-Italic.ttf"; sourceTree = "<group>"; };
		DC17E4F329C2EE8D00E0FBD5 /* LICENSE.txt */ = {isa = PBXFileReference; fileEncoding = 4; lastKnownFileType = text; path = LICENSE.txt; sourceTree = "<group>"; };
		DC17E4F429C2EE8D00E0FBD5 /* Roboto-BlackItalic.ttf */ = {isa = PBXFileReference; lastKnownFileType = file; path = "Roboto-BlackItalic.ttf"; sourceTree = "<group>"; };
		DC17E4F529C2EE8D00E0FBD5 /* Roboto-Bold.ttf */ = {isa = PBXFileReference; lastKnownFileType = file; path = "Roboto-Bold.ttf"; sourceTree = "<group>"; };
		DC17E4F629C2EE8D00E0FBD5 /* Roboto-Thin.ttf */ = {isa = PBXFileReference; lastKnownFileType = file; path = "Roboto-Thin.ttf"; sourceTree = "<group>"; };
		DC17E4F729C2EE8D00E0FBD5 /* Roboto-Black.ttf */ = {isa = PBXFileReference; lastKnownFileType = file; path = "Roboto-Black.ttf"; sourceTree = "<group>"; };
		DC17E50729C2EEC900E0FBD5 /* Enums.swift */ = {isa = PBXFileReference; lastKnownFileType = sourcecode.swift; path = Enums.swift; sourceTree = "<group>"; };
		DC17E50929C2EFCD00E0FBD5 /* Extensions.swift */ = {isa = PBXFileReference; lastKnownFileType = sourcecode.swift; path = Extensions.swift; sourceTree = "<group>"; };
		DC17E50C29C4258F00E0FBD5 /* WelcomeVC.swift */ = {isa = PBXFileReference; lastKnownFileType = sourcecode.swift; path = WelcomeVC.swift; sourceTree = "<group>"; };
		DC17E50D29C4258F00E0FBD5 /* WelcomeVC.xib */ = {isa = PBXFileReference; lastKnownFileType = file.xib; path = WelcomeVC.xib; sourceTree = "<group>"; };
		DC17E51129C43DC900E0FBD5 /* RegisterVC.swift */ = {isa = PBXFileReference; lastKnownFileType = sourcecode.swift; path = RegisterVC.swift; sourceTree = "<group>"; };
		DC17E51229C43DC900E0FBD5 /* RegisterVC.xib */ = {isa = PBXFileReference; lastKnownFileType = file.xib; path = RegisterVC.xib; sourceTree = "<group>"; };
		DC25F2BD29DAB5DF000E17BF /* Net.swift */ = {isa = PBXFileReference; lastKnownFileType = sourcecode.swift; path = Net.swift; sourceTree = "<group>"; };
		DC25F2C029DAB69E000E17BF /* API.swift */ = {isa = PBXFileReference; lastKnownFileType = sourcecode.swift; path = API.swift; sourceTree = "<group>"; };
		DC25F2C229DAB6CF000E17BF /* Reachability.swift */ = {isa = PBXFileReference; lastKnownFileType = sourcecode.swift; path = Reachability.swift; sourceTree = "<group>"; };
		DC25F2C529DAB793000E17BF /* Loader.swift */ = {isa = PBXFileReference; lastKnownFileType = sourcecode.swift; path = Loader.swift; sourceTree = "<group>"; };
		DC25F2C829DAB7F7000E17BF /* Cache.swift */ = {isa = PBXFileReference; lastKnownFileType = sourcecode.swift; path = Cache.swift; sourceTree = "<group>"; };
		DC25F2CB29DAD005000E17BF /* UserDM.swift */ = {isa = PBXFileReference; lastKnownFileType = sourcecode.swift; path = UserDM.swift; sourceTree = "<group>"; };
		DC25F2CE29DADDC8000E17BF /* LoginVC.swift */ = {isa = PBXFileReference; lastKnownFileType = sourcecode.swift; path = LoginVC.swift; sourceTree = "<group>"; };
		DC25F2CF29DADDC8000E17BF /* LoginVC.xib */ = {isa = PBXFileReference; lastKnownFileType = file.xib; path = LoginVC.xib; sourceTree = "<group>"; };
		DC25F2D329DBE698000E17BF /* CreateChildVC.swift */ = {isa = PBXFileReference; lastKnownFileType = sourcecode.swift; path = CreateChildVC.swift; sourceTree = "<group>"; };
		DC25F2D429DBE698000E17BF /* CreateChildVC.xib */ = {isa = PBXFileReference; lastKnownFileType = file.xib; path = CreateChildVC.xib; sourceTree = "<group>"; };
		DC31826529CEE4800036BAAA /* ChartView.swift */ = {isa = PBXFileReference; lastKnownFileType = sourcecode.swift; path = ChartView.swift; sourceTree = "<group>"; };
		DC31826829CEF77D0036BAAA /* SOSVC.swift */ = {isa = PBXFileReference; lastKnownFileType = sourcecode.swift; path = SOSVC.swift; sourceTree = "<group>"; };
		DC31826929CEF77D0036BAAA /* SOSVC.xib */ = {isa = PBXFileReference; lastKnownFileType = file.xib; path = SOSVC.xib; sourceTree = "<group>"; };
		DC31826C29D165E30036BAAA /* Alert.swift */ = {isa = PBXFileReference; fileEncoding = 4; lastKnownFileType = sourcecode.swift; path = Alert.swift; sourceTree = "<group>"; };
		DC31826E29D166140036BAAA /* Vibration.swift */ = {isa = PBXFileReference; fileEncoding = 4; lastKnownFileType = sourcecode.swift; path = Vibration.swift; sourceTree = "<group>"; };
		DC4DC98729CC497A0025D866 /* OTPVC.swift */ = {isa = PBXFileReference; lastKnownFileType = sourcecode.swift; path = OTPVC.swift; sourceTree = "<group>"; };
		DC4DC98829CC497A0025D866 /* OTPVC.xib */ = {isa = PBXFileReference; lastKnownFileType = file.xib; path = OTPVC.xib; sourceTree = "<group>"; };
		DC4DC98C29CD70570025D866 /* ProfileImageTVC.swift */ = {isa = PBXFileReference; lastKnownFileType = sourcecode.swift; path = ProfileImageTVC.swift; sourceTree = "<group>"; };
		DC4DC98D29CD70570025D866 /* ProfileImageTVC.xib */ = {isa = PBXFileReference; lastKnownFileType = file.xib; path = ProfileImageTVC.xib; sourceTree = "<group>"; };
		DCB7C4B429DD7D1B002594F0 /* RecordListVC.swift */ = {isa = PBXFileReference; lastKnownFileType = sourcecode.swift; path = RecordListVC.swift; sourceTree = "<group>"; };
		DCB7C4B529DD7D1B002594F0 /* RecordListVC.xib */ = {isa = PBXFileReference; lastKnownFileType = file.xib; path = RecordListVC.xib; sourceTree = "<group>"; };
		DCB7C4BD29DD7E16002594F0 /* RecordListTVC.swift */ = {isa = PBXFileReference; lastKnownFileType = sourcecode.swift; path = RecordListTVC.swift; sourceTree = "<group>"; };
		DCB7C4BE29DD7E16002594F0 /* RecordListTVC.xib */ = {isa = PBXFileReference; lastKnownFileType = file.xib; path = RecordListTVC.xib; sourceTree = "<group>"; };
		DCB7C4C229DEA442002594F0 /* Socket.swift */ = {isa = PBXFileReference; lastKnownFileType = sourcecode.swift; path = Socket.swift; sourceTree = "<group>"; };
		DCE5D55429C1CE5B00B1D0F6 /* SectorKids.app */ = {isa = PBXFileReference; explicitFileType = wrapper.application; includeInIndex = 0; path = SectorKids.app; sourceTree = BUILT_PRODUCTS_DIR; };
		DCE5D55729C1CE5B00B1D0F6 /* AppDelegate.swift */ = {isa = PBXFileReference; lastKnownFileType = sourcecode.swift; path = AppDelegate.swift; sourceTree = "<group>"; };
		DCE5D55929C1CE5B00B1D0F6 /* SceneDelegate.swift */ = {isa = PBXFileReference; lastKnownFileType = sourcecode.swift; path = SceneDelegate.swift; sourceTree = "<group>"; };
		DCE5D56029C1CE5E00B1D0F6 /* Assets.xcassets */ = {isa = PBXFileReference; lastKnownFileType = folder.assetcatalog; path = Assets.xcassets; sourceTree = "<group>"; };
		DCE5D56329C1CE5E00B1D0F6 /* Base */ = {isa = PBXFileReference; lastKnownFileType = file.storyboard; name = Base; path = Base.lproj/LaunchScreen.storyboard; sourceTree = "<group>"; };
		DCE5D56529C1CE5E00B1D0F6 /* Info.plist */ = {isa = PBXFileReference; lastKnownFileType = text.plist.xml; path = Info.plist; sourceTree = "<group>"; };
		DCE5D56B29C1EBAC00B1D0F6 /* MainTabbarVC.swift */ = {isa = PBXFileReference; lastKnownFileType = sourcecode.swift; path = MainTabbarVC.swift; sourceTree = "<group>"; };
		DCE5D56E29C1EBE300B1D0F6 /* MainVC.swift */ = {isa = PBXFileReference; lastKnownFileType = sourcecode.swift; path = MainVC.swift; sourceTree = "<group>"; };
		DCE5D56F29C1EBE300B1D0F6 /* MainVC.xib */ = {isa = PBXFileReference; lastKnownFileType = file.xib; path = MainVC.xib; sourceTree = "<group>"; };
		F9BA2E1B9FDACE01FEFEDB62 /* Pods-SectorKids.debug.xcconfig */ = {isa = PBXFileReference; includeInIndex = 1; lastKnownFileType = text.xcconfig; name = "Pods-SectorKids.debug.xcconfig"; path = "Target Support Files/Pods-SectorKids/Pods-SectorKids.debug.xcconfig"; sourceTree = "<group>"; };
/* End PBXFileReference section */

/* Begin PBXFrameworksBuildPhase section */
		DCE5D55129C1CE5B00B1D0F6 /* Frameworks */ = {
			isa = PBXFrameworksBuildPhase;
			buildActionMask = 2147483647;
			files = (
				D356221F2857A70246941E41 /* Pods_SectorKids.framework in Frameworks */,
			);
			runOnlyForDeploymentPostprocessing = 0;
		};
/* End PBXFrameworksBuildPhase section */

/* Begin PBXGroup section */
		11961DF1D048910E06697227 /* Pods */ = {
			isa = PBXGroup;
			children = (
				F9BA2E1B9FDACE01FEFEDB62 /* Pods-SectorKids.debug.xcconfig */,
				4C9F09A1585BA8CBE6AAD2AE /* Pods-SectorKids.release.xcconfig */,
			);
			path = Pods;
			sourceTree = "<group>";
		};
		ABC23B5C793A12237EFC4C0D /* Frameworks */ = {
			isa = PBXGroup;
			children = (
				8EAF2016294860230C9C2AFE /* Pods_SectorKids.framework */,
			);
			name = Frameworks;
			sourceTree = "<group>";
		};
		DC17E4DE29C2EBB300E0FBD5 /* StatisticsVC */ = {
			isa = PBXGroup;
			children = (
				DC17E4DF29C2EBC600E0FBD5 /* StatisticsVC.swift */,
				DC17E4E029C2EBC600E0FBD5 /* StatisticsVC.xib */,
			);
			path = StatisticsVC;
			sourceTree = "<group>";
		};
		DC17E4E329C2EC4A00E0FBD5 /* ProfileVC */ = {
			isa = PBXGroup;
			children = (
				DC4DC98B29CD702E0025D866 /* TVC */,
				DC17E4E429C2EC5F00E0FBD5 /* ProfileVC.swift */,
				DC17E4E529C2EC5F00E0FBD5 /* ProfileVC.xib */,
			);
			path = ProfileVC;
			sourceTree = "<group>";
		};
		DC17E4E829C2EE7500E0FBD5 /* Files */ = {
			isa = PBXGroup;
			children = (
				DC17E4E929C2EE8D00E0FBD5 /* Fonts */,
			);
			path = Files;
			sourceTree = "<group>";
		};
		DC17E4E929C2EE8D00E0FBD5 /* Fonts */ = {
			isa = PBXGroup;
			children = (
				DC17E4EA29C2EE8D00E0FBD5 /* Roboto */,
			);
			path = Fonts;
			sourceTree = "<group>";
		};
		DC17E4EA29C2EE8D00E0FBD5 /* Roboto */ = {
			isa = PBXGroup;
			children = (
				DC17E4EB29C2EE8D00E0FBD5 /* Roboto-Medium.ttf */,
				DC17E4EC29C2EE8D00E0FBD5 /* Roboto-Light.ttf */,
				DC17E4ED29C2EE8D00E0FBD5 /* Roboto-Regular.ttf */,
				DC17E4EE29C2EE8D00E0FBD5 /* Roboto-MediumItalic.ttf */,
				DC17E4EF29C2EE8D00E0FBD5 /* Roboto-ThinItalic.ttf */,
				DC17E4F029C2EE8D00E0FBD5 /* Roboto-BoldItalic.ttf */,
				DC17E4F129C2EE8D00E0FBD5 /* Roboto-LightItalic.ttf */,
				DC17E4F229C2EE8D00E0FBD5 /* Roboto-Italic.ttf */,
				DC17E4F329C2EE8D00E0FBD5 /* LICENSE.txt */,
				DC17E4F429C2EE8D00E0FBD5 /* Roboto-BlackItalic.ttf */,
				DC17E4F529C2EE8D00E0FBD5 /* Roboto-Bold.ttf */,
				DC17E4F629C2EE8D00E0FBD5 /* Roboto-Thin.ttf */,
				DC17E4F729C2EE8D00E0FBD5 /* Roboto-Black.ttf */,
			);
			path = Roboto;
			sourceTree = "<group>";
		};
		DC17E50629C2EEBD00E0FBD5 /* Helpers */ = {
			isa = PBXGroup;
			children = (
				DCB7C4C129DE9573002594F0 /* Socket */,
				DC25F2C729DAB7E2000E17BF /* Cache */,
				DC25F2BF29DAB64F000E17BF /* Networking */,
				DC31827029D166170036BAAA /* Alert */,
				DC17E50729C2EEC900E0FBD5 /* Enums.swift */,
				DC17E50929C2EFCD00E0FBD5 /* Extensions.swift */,
				DC31826529CEE4800036BAAA /* ChartView.swift */,
			);
			path = Helpers;
			sourceTree = "<group>";
		};
		DC17E50B29C4257500E0FBD5 /* WelcomeVC */ = {
			isa = PBXGroup;
			children = (
				DC17E50C29C4258F00E0FBD5 /* WelcomeVC.swift */,
				DC17E50D29C4258F00E0FBD5 /* WelcomeVC.xib */,
			);
			path = WelcomeVC;
			sourceTree = "<group>";
		};
		DC17E51029C43DA900E0FBD5 /* RegisterVC */ = {
			isa = PBXGroup;
			children = (
				DC17E51129C43DC900E0FBD5 /* RegisterVC.swift */,
				DC17E51229C43DC900E0FBD5 /* RegisterVC.xib */,
			);
			path = RegisterVC;
			sourceTree = "<group>";
		};
		DC25F2BF29DAB64F000E17BF /* Networking */ = {
			isa = PBXGroup;
			children = (
				DC25F2C429DAB771000E17BF /* Loader */,
				DC25F2BD29DAB5DF000E17BF /* Net.swift */,
				DC25F2C029DAB69E000E17BF /* API.swift */,
				DC25F2C229DAB6CF000E17BF /* Reachability.swift */,
			);
			path = Networking;
			sourceTree = "<group>";
		};
		DC25F2C429DAB771000E17BF /* Loader */ = {
			isa = PBXGroup;
			children = (
				DC25F2C529DAB793000E17BF /* Loader.swift */,
			);
			path = Loader;
			sourceTree = "<group>";
		};
		DC25F2C729DAB7E2000E17BF /* Cache */ = {
			isa = PBXGroup;
			children = (
				DC25F2C829DAB7F7000E17BF /* Cache.swift */,
			);
			path = Cache;
			sourceTree = "<group>";
		};
		DC25F2CA29DACFF7000E17BF /* Models */ = {
			isa = PBXGroup;
			children = (
				DC25F2CB29DAD005000E17BF /* UserDM.swift */,
			);
			path = Models;
			sourceTree = "<group>";
		};
		DC25F2CD29DADDB0000E17BF /* LoginVC */ = {
			isa = PBXGroup;
			children = (
				DC25F2CE29DADDC8000E17BF /* LoginVC.swift */,
				DC25F2CF29DADDC8000E17BF /* LoginVC.xib */,
			);
			path = LoginVC;
			sourceTree = "<group>";
		};
		DC25F2D229DBE67E000E17BF /* CreateChildVC */ = {
			isa = PBXGroup;
			children = (
				DC25F2D329DBE698000E17BF /* CreateChildVC.swift */,
				DC25F2D429DBE698000E17BF /* CreateChildVC.xib */,
			);
			path = CreateChildVC;
			sourceTree = "<group>";
		};
		DC31826729CEF75D0036BAAA /* SOSVC */ = {
			isa = PBXGroup;
			children = (
				DC31826829CEF77D0036BAAA /* SOSVC.swift */,
				DC31826929CEF77D0036BAAA /* SOSVC.xib */,
			);
			path = SOSVC;
			sourceTree = "<group>";
		};
		DC31827029D166170036BAAA /* Alert */ = {
			isa = PBXGroup;
			children = (
				DC31826C29D165E30036BAAA /* Alert.swift */,
				DC31826E29D166140036BAAA /* Vibration.swift */,
			);
			path = Alert;
			sourceTree = "<group>";
		};
		DC4DC98029CC3A620025D866 /* RegisterSection */ = {
			isa = PBXGroup;
			children = (
				DC25F2CD29DADDB0000E17BF /* LoginVC */,
				DC4DC98629CC49610025D866 /* OTPVC */,
				DC17E50B29C4257500E0FBD5 /* WelcomeVC */,
				DC17E51029C43DA900E0FBD5 /* RegisterVC */,
			);
			path = RegisterSection;
			sourceTree = "<group>";
		};
		DC4DC98629CC49610025D866 /* OTPVC */ = {
			isa = PBXGroup;
			children = (
				DC4DC98729CC497A0025D866 /* OTPVC.swift */,
				DC4DC98829CC497A0025D866 /* OTPVC.xib */,
			);
			path = OTPVC;
			sourceTree = "<group>";
		};
		DC4DC98B29CD702E0025D866 /* TVC */ = {
			isa = PBXGroup;
			children = (
				DC4DC98C29CD70570025D866 /* ProfileImageTVC.swift */,
				DC4DC98D29CD70570025D866 /* ProfileImageTVC.xib */,
			);
			path = TVC;
			sourceTree = "<group>";
		};
		DCB7C4B329DD7D02002594F0 /* RecordListVC */ = {
			isa = PBXGroup;
			children = (
				DCB7C4B829DD7DA0002594F0 /* TVC */,
				DCB7C4B429DD7D1B002594F0 /* RecordListVC.swift */,
				DCB7C4B529DD7D1B002594F0 /* RecordListVC.xib */,
			);
			path = RecordListVC;
			sourceTree = "<group>";
		};
		DCB7C4B829DD7DA0002594F0 /* TVC */ = {
			isa = PBXGroup;
			children = (
				DCB7C4BD29DD7E16002594F0 /* RecordListTVC.swift */,
				DCB7C4BE29DD7E16002594F0 /* RecordListTVC.xib */,
			);
			path = TVC;
			sourceTree = "<group>";
		};
		DCB7C4C129DE9573002594F0 /* Socket */ = {
			isa = PBXGroup;
			children = (
				DCB7C4C229DEA442002594F0 /* Socket.swift */,
			);
			path = Socket;
			sourceTree = "<group>";
		};
		DCE5D54B29C1CE5A00B1D0F6 = {
			isa = PBXGroup;
			children = (
				DCE5D55629C1CE5B00B1D0F6 /* SectorKids */,
				DCE5D55529C1CE5B00B1D0F6 /* Products */,
				11961DF1D048910E06697227 /* Pods */,
				ABC23B5C793A12237EFC4C0D /* Frameworks */,
			);
			sourceTree = "<group>";
		};
		DCE5D55529C1CE5B00B1D0F6 /* Products */ = {
			isa = PBXGroup;
			children = (
				DCE5D55429C1CE5B00B1D0F6 /* SectorKids.app */,
			);
			name = Products;
			sourceTree = "<group>";
		};
		DCE5D55629C1CE5B00B1D0F6 /* SectorKids */ = {
			isa = PBXGroup;
			children = (
				DC25F2CA29DACFF7000E17BF /* Models */,
				DC17E4E829C2EE7500E0FBD5 /* Files */,
				DC17E50629C2EEBD00E0FBD5 /* Helpers */,
				DCE5D56D29C1EBC700B1D0F6 /* VC */,
				DCE5D56B29C1EBAC00B1D0F6 /* MainTabbarVC.swift */,
				DCE5D55729C1CE5B00B1D0F6 /* AppDelegate.swift */,
				DCE5D55929C1CE5B00B1D0F6 /* SceneDelegate.swift */,
				DCE5D56029C1CE5E00B1D0F6 /* Assets.xcassets */,
				DCE5D56229C1CE5E00B1D0F6 /* LaunchScreen.storyboard */,
				DCE5D56529C1CE5E00B1D0F6 /* Info.plist */,
			);
			path = SectorKids;
			sourceTree = "<group>";
		};
		DCE5D56D29C1EBC700B1D0F6 /* VC */ = {
			isa = PBXGroup;
			children = (
				DCB7C4B329DD7D02002594F0 /* RecordListVC */,
				DC25F2D229DBE67E000E17BF /* CreateChildVC */,
				DC31826729CEF75D0036BAAA /* SOSVC */,
				DC4DC98029CC3A620025D866 /* RegisterSection */,
				DC17E4E329C2EC4A00E0FBD5 /* ProfileVC */,
				DC17E4DE29C2EBB300E0FBD5 /* StatisticsVC */,
				DCE5D57229C2E70D00B1D0F6 /* MainVC */,
			);
			path = VC;
			sourceTree = "<group>";
		};
		DCE5D57229C2E70D00B1D0F6 /* MainVC */ = {
			isa = PBXGroup;
			children = (
				DCE5D56E29C1EBE300B1D0F6 /* MainVC.swift */,
				DCE5D56F29C1EBE300B1D0F6 /* MainVC.xib */,
			);
			path = MainVC;
			sourceTree = "<group>";
		};
/* End PBXGroup section */

/* Begin PBXNativeTarget section */
		DCE5D55329C1CE5B00B1D0F6 /* SectorKids */ = {
			isa = PBXNativeTarget;
			buildConfigurationList = DCE5D56829C1CE5E00B1D0F6 /* Build configuration list for PBXNativeTarget "SectorKids" */;
			buildPhases = (
				1E8F8DBF0793848D29458B80 /* [CP] Check Pods Manifest.lock */,
				DCE5D55029C1CE5B00B1D0F6 /* Sources */,
				DCE5D55129C1CE5B00B1D0F6 /* Frameworks */,
				DCE5D55229C1CE5B00B1D0F6 /* Resources */,
				C2C0DF1334CF28CFAFEA7735 /* [CP] Embed Pods Frameworks */,
			);
			buildRules = (
			);
			dependencies = (
			);
			name = SectorKids;
			productName = SectorKids;
			productReference = DCE5D55429C1CE5B00B1D0F6 /* SectorKids.app */;
			productType = "com.apple.product-type.application";
		};
/* End PBXNativeTarget section */

/* Begin PBXProject section */
		DCE5D54C29C1CE5A00B1D0F6 /* Project object */ = {
			isa = PBXProject;
			attributes = {
				BuildIndependentTargetsInParallel = 1;
				LastSwiftUpdateCheck = 1420;
				LastUpgradeCheck = 1420;
				TargetAttributes = {
					DCE5D55329C1CE5B00B1D0F6 = {
						CreatedOnToolsVersion = 14.2;
					};
				};
			};
			buildConfigurationList = DCE5D54F29C1CE5A00B1D0F6 /* Build configuration list for PBXProject "SectorKids" */;
			compatibilityVersion = "Xcode 14.0";
			developmentRegion = en;
			hasScannedForEncodings = 0;
			knownRegions = (
				en,
				Base,
			);
			mainGroup = DCE5D54B29C1CE5A00B1D0F6;
			productRefGroup = DCE5D55529C1CE5B00B1D0F6 /* Products */;
			projectDirPath = "";
			projectRoot = "";
			targets = (
				DCE5D55329C1CE5B00B1D0F6 /* SectorKids */,
			);
		};
/* End PBXProject section */

/* Begin PBXResourcesBuildPhase section */
		DCE5D55229C1CE5B00B1D0F6 /* Resources */ = {
			isa = PBXResourcesBuildPhase;
			buildActionMask = 2147483647;
			files = (
				DC31826B29CEF77D0036BAAA /* SOSVC.xib in Resources */,
				DC17E50F29C4258F00E0FBD5 /* WelcomeVC.xib in Resources */,
				DC17E4FC29C2EE8D00E0FBD5 /* Roboto-ThinItalic.ttf in Resources */,
				DC4DC98A29CC497A0025D866 /* OTPVC.xib in Resources */,
				DC17E4FD29C2EE8D00E0FBD5 /* Roboto-BoldItalic.ttf in Resources */,
				DCB7C4B729DD7D1B002594F0 /* RecordListVC.xib in Resources */,
				DC17E50329C2EE8D00E0FBD5 /* Roboto-Thin.ttf in Resources */,
				DC17E4FE29C2EE8D00E0FBD5 /* Roboto-LightItalic.ttf in Resources */,
				DC4DC98F29CD70570025D866 /* ProfileImageTVC.xib in Resources */,
				DCE5D57129C1EBE300B1D0F6 /* MainVC.xib in Resources */,
				DC17E50429C2EE8D00E0FBD5 /* Roboto-Black.ttf in Resources */,
				DC17E4E229C2EBC600E0FBD5 /* StatisticsVC.xib in Resources */,
				DC17E4FF29C2EE8D00E0FBD5 /* Roboto-Italic.ttf in Resources */,
				DC17E51429C43DC900E0FBD5 /* RegisterVC.xib in Resources */,
				DC25F2D629DBE698000E17BF /* CreateChildVC.xib in Resources */,
				DC17E50029C2EE8D00E0FBD5 /* LICENSE.txt in Resources */,
				DC17E50129C2EE8D00E0FBD5 /* Roboto-BlackItalic.ttf in Resources */,
				DC25F2D129DADDC8000E17BF /* LoginVC.xib in Resources */,
				DCB7C4C029DD7E16002594F0 /* RecordListTVC.xib in Resources */,
				DC17E4FA29C2EE8D00E0FBD5 /* Roboto-Regular.ttf in Resources */,
				DC17E4F829C2EE8D00E0FBD5 /* Roboto-Medium.ttf in Resources */,
				DCE5D56429C1CE5E00B1D0F6 /* LaunchScreen.storyboard in Resources */,
				DC17E4F929C2EE8D00E0FBD5 /* Roboto-Light.ttf in Resources */,
				DCE5D56129C1CE5E00B1D0F6 /* Assets.xcassets in Resources */,
				DC17E4FB29C2EE8D00E0FBD5 /* Roboto-MediumItalic.ttf in Resources */,
				DC17E50229C2EE8D00E0FBD5 /* Roboto-Bold.ttf in Resources */,
				DC17E4E729C2EC5F00E0FBD5 /* ProfileVC.xib in Resources */,
			);
			runOnlyForDeploymentPostprocessing = 0;
		};
/* End PBXResourcesBuildPhase section */

/* Begin PBXShellScriptBuildPhase section */
		1E8F8DBF0793848D29458B80 /* [CP] Check Pods Manifest.lock */ = {
			isa = PBXShellScriptBuildPhase;
			buildActionMask = 2147483647;
			files = (
			);
			inputFileListPaths = (
			);
			inputPaths = (
				"${PODS_PODFILE_DIR_PATH}/Podfile.lock",
				"${PODS_ROOT}/Manifest.lock",
			);
			name = "[CP] Check Pods Manifest.lock";
			outputFileListPaths = (
			);
			outputPaths = (
				"$(DERIVED_FILE_DIR)/Pods-SectorKids-checkManifestLockResult.txt",
			);
			runOnlyForDeploymentPostprocessing = 0;
			shellPath = /bin/sh;
			shellScript = "diff \"${PODS_PODFILE_DIR_PATH}/Podfile.lock\" \"${PODS_ROOT}/Manifest.lock\" > /dev/null\nif [ $? != 0 ] ; then\n    # print error to STDERR\n    echo \"error: The sandbox is not in sync with the Podfile.lock. Run 'pod install' or update your CocoaPods installation.\" >&2\n    exit 1\nfi\n# This output is used by Xcode 'outputs' to avoid re-running this script phase.\necho \"SUCCESS\" > \"${SCRIPT_OUTPUT_FILE_0}\"\n";
			showEnvVarsInLog = 0;
		};
		C2C0DF1334CF28CFAFEA7735 /* [CP] Embed Pods Frameworks */ = {
			isa = PBXShellScriptBuildPhase;
			buildActionMask = 2147483647;
			files = (
			);
			inputFileListPaths = (
				"${PODS_ROOT}/Target Support Files/Pods-SectorKids/Pods-SectorKids-frameworks-${CONFIGURATION}-input-files.xcfilelist",
			);
			name = "[CP] Embed Pods Frameworks";
			outputFileListPaths = (
				"${PODS_ROOT}/Target Support Files/Pods-SectorKids/Pods-SectorKids-frameworks-${CONFIGURATION}-output-files.xcfilelist",
			);
			runOnlyForDeploymentPostprocessing = 0;
			shellPath = /bin/sh;
			shellScript = "\"${PODS_ROOT}/Target Support Files/Pods-SectorKids/Pods-SectorKids-frameworks.sh\"\n";
			showEnvVarsInLog = 0;
		};
/* End PBXShellScriptBuildPhase section */

/* Begin PBXSourcesBuildPhase section */
		DCE5D55029C1CE5B00B1D0F6 /* Sources */ = {
			isa = PBXSourcesBuildPhase;
			buildActionMask = 2147483647;
			files = (
				DC25F2C329DAB6CF000E17BF /* Reachability.swift in Sources */,
				DC17E4E629C2EC5F00E0FBD5 /* ProfileVC.swift in Sources */,
				DC25F2D029DADDC8000E17BF /* LoginVC.swift in Sources */,
				DC25F2C129DAB69E000E17BF /* API.swift in Sources */,
				DCE5D56C29C1EBAC00B1D0F6 /* MainTabbarVC.swift in Sources */,
				DCB7C4C329DEA442002594F0 /* Socket.swift in Sources */,
				DC25F2C929DAB7F7000E17BF /* Cache.swift in Sources */,
				DCB7C4BF29DD7E16002594F0 /* RecordListTVC.swift in Sources */,
				DC17E4E129C2EBC600E0FBD5 /* StatisticsVC.swift in Sources */,
				DC25F2C629DAB793000E17BF /* Loader.swift in Sources */,
				DC31826629CEE4800036BAAA /* ChartView.swift in Sources */,
				DC17E50A29C2EFCD00E0FBD5 /* Extensions.swift in Sources */,
				DC31826F29D166140036BAAA /* Vibration.swift in Sources */,
				DC25F2BE29DAB5DF000E17BF /* Net.swift in Sources */,
				DCE5D57029C1EBE300B1D0F6 /* MainVC.swift in Sources */,
				DC17E50829C2EEC900E0FBD5 /* Enums.swift in Sources */,
				DC4DC98E29CD70570025D866 /* ProfileImageTVC.swift in Sources */,
				DC25F2D529DBE698000E17BF /* CreateChildVC.swift in Sources */,
				DC31826A29CEF77D0036BAAA /* SOSVC.swift in Sources */,
				DC17E50E29C4258F00E0FBD5 /* WelcomeVC.swift in Sources */,
				DCE5D55829C1CE5B00B1D0F6 /* AppDelegate.swift in Sources */,
				DCE5D55A29C1CE5B00B1D0F6 /* SceneDelegate.swift in Sources */,
				DCB7C4B629DD7D1B002594F0 /* RecordListVC.swift in Sources */,
				DC25F2CC29DAD005000E17BF /* UserDM.swift in Sources */,
				DC4DC98929CC497A0025D866 /* OTPVC.swift in Sources */,
				DC31826D29D165E30036BAAA /* Alert.swift in Sources */,
				DC17E51329C43DC900E0FBD5 /* RegisterVC.swift in Sources */,
			);
			runOnlyForDeploymentPostprocessing = 0;
		};
/* End PBXSourcesBuildPhase section */

/* Begin PBXVariantGroup section */
		DCE5D56229C1CE5E00B1D0F6 /* LaunchScreen.storyboard */ = {
			isa = PBXVariantGroup;
			children = (
				DCE5D56329C1CE5E00B1D0F6 /* Base */,
			);
			name = LaunchScreen.storyboard;
			sourceTree = "<group>";
		};
/* End PBXVariantGroup section */

/* Begin XCBuildConfiguration section */
		DCE5D56629C1CE5E00B1D0F6 /* Debug */ = {
			isa = XCBuildConfiguration;
			buildSettings = {
				ALWAYS_SEARCH_USER_PATHS = NO;
				CLANG_ANALYZER_NONNULL = YES;
				CLANG_ANALYZER_NUMBER_OBJECT_CONVERSION = YES_AGGRESSIVE;
				CLANG_CXX_LANGUAGE_STANDARD = "gnu++20";
				CLANG_ENABLE_MODULES = YES;
				CLANG_ENABLE_OBJC_ARC = YES;
				CLANG_ENABLE_OBJC_WEAK = YES;
				CLANG_WARN_BLOCK_CAPTURE_AUTORELEASING = YES;
				CLANG_WARN_BOOL_CONVERSION = YES;
				CLANG_WARN_COMMA = YES;
				CLANG_WARN_CONSTANT_CONVERSION = YES;
				CLANG_WARN_DEPRECATED_OBJC_IMPLEMENTATIONS = YES;
				CLANG_WARN_DIRECT_OBJC_ISA_USAGE = YES_ERROR;
				CLANG_WARN_DOCUMENTATION_COMMENTS = YES;
				CLANG_WARN_EMPTY_BODY = YES;
				CLANG_WARN_ENUM_CONVERSION = YES;
				CLANG_WARN_INFINITE_RECURSION = YES;
				CLANG_WARN_INT_CONVERSION = YES;
				CLANG_WARN_NON_LITERAL_NULL_CONVERSION = YES;
				CLANG_WARN_OBJC_IMPLICIT_RETAIN_SELF = YES;
				CLANG_WARN_OBJC_LITERAL_CONVERSION = YES;
				CLANG_WARN_OBJC_ROOT_CLASS = YES_ERROR;
				CLANG_WARN_QUOTED_INCLUDE_IN_FRAMEWORK_HEADER = YES;
				CLANG_WARN_RANGE_LOOP_ANALYSIS = YES;
				CLANG_WARN_STRICT_PROTOTYPES = YES;
				CLANG_WARN_SUSPICIOUS_MOVE = YES;
				CLANG_WARN_UNGUARDED_AVAILABILITY = YES_AGGRESSIVE;
				CLANG_WARN_UNREACHABLE_CODE = YES;
				CLANG_WARN__DUPLICATE_METHOD_MATCH = YES;
				COPY_PHASE_STRIP = NO;
				DEBUG_INFORMATION_FORMAT = dwarf;
				ENABLE_STRICT_OBJC_MSGSEND = YES;
				ENABLE_TESTABILITY = YES;
				GCC_C_LANGUAGE_STANDARD = gnu11;
				GCC_DYNAMIC_NO_PIC = NO;
				GCC_NO_COMMON_BLOCKS = YES;
				GCC_OPTIMIZATION_LEVEL = 0;
				GCC_PREPROCESSOR_DEFINITIONS = (
					"DEBUG=1",
					"$(inherited)",
				);
				GCC_WARN_64_TO_32_BIT_CONVERSION = YES;
				GCC_WARN_ABOUT_RETURN_TYPE = YES_ERROR;
				GCC_WARN_UNDECLARED_SELECTOR = YES;
				GCC_WARN_UNINITIALIZED_AUTOS = YES_AGGRESSIVE;
				GCC_WARN_UNUSED_FUNCTION = YES;
				GCC_WARN_UNUSED_VARIABLE = YES;
				IPHONEOS_DEPLOYMENT_TARGET = 16.2;
				MTL_ENABLE_DEBUG_INFO = INCLUDE_SOURCE;
				MTL_FAST_MATH = YES;
				ONLY_ACTIVE_ARCH = YES;
				SDKROOT = iphoneos;
				SWIFT_ACTIVE_COMPILATION_CONDITIONS = DEBUG;
				SWIFT_OPTIMIZATION_LEVEL = "-Onone";
			};
			name = Debug;
		};
		DCE5D56729C1CE5E00B1D0F6 /* Release */ = {
			isa = XCBuildConfiguration;
			buildSettings = {
				ALWAYS_SEARCH_USER_PATHS = NO;
				CLANG_ANALYZER_NONNULL = YES;
				CLANG_ANALYZER_NUMBER_OBJECT_CONVERSION = YES_AGGRESSIVE;
				CLANG_CXX_LANGUAGE_STANDARD = "gnu++20";
				CLANG_ENABLE_MODULES = YES;
				CLANG_ENABLE_OBJC_ARC = YES;
				CLANG_ENABLE_OBJC_WEAK = YES;
				CLANG_WARN_BLOCK_CAPTURE_AUTORELEASING = YES;
				CLANG_WARN_BOOL_CONVERSION = YES;
				CLANG_WARN_COMMA = YES;
				CLANG_WARN_CONSTANT_CONVERSION = YES;
				CLANG_WARN_DEPRECATED_OBJC_IMPLEMENTATIONS = YES;
				CLANG_WARN_DIRECT_OBJC_ISA_USAGE = YES_ERROR;
				CLANG_WARN_DOCUMENTATION_COMMENTS = YES;
				CLANG_WARN_EMPTY_BODY = YES;
				CLANG_WARN_ENUM_CONVERSION = YES;
				CLANG_WARN_INFINITE_RECURSION = YES;
				CLANG_WARN_INT_CONVERSION = YES;
				CLANG_WARN_NON_LITERAL_NULL_CONVERSION = YES;
				CLANG_WARN_OBJC_IMPLICIT_RETAIN_SELF = YES;
				CLANG_WARN_OBJC_LITERAL_CONVERSION = YES;
				CLANG_WARN_OBJC_ROOT_CLASS = YES_ERROR;
				CLANG_WARN_QUOTED_INCLUDE_IN_FRAMEWORK_HEADER = YES;
				CLANG_WARN_RANGE_LOOP_ANALYSIS = YES;
				CLANG_WARN_STRICT_PROTOTYPES = YES;
				CLANG_WARN_SUSPICIOUS_MOVE = YES;
				CLANG_WARN_UNGUARDED_AVAILABILITY = YES_AGGRESSIVE;
				CLANG_WARN_UNREACHABLE_CODE = YES;
				CLANG_WARN__DUPLICATE_METHOD_MATCH = YES;
				COPY_PHASE_STRIP = NO;
				DEBUG_INFORMATION_FORMAT = "dwarf-with-dsym";
				ENABLE_NS_ASSERTIONS = NO;
				ENABLE_STRICT_OBJC_MSGSEND = YES;
				GCC_C_LANGUAGE_STANDARD = gnu11;
				GCC_NO_COMMON_BLOCKS = YES;
				GCC_WARN_64_TO_32_BIT_CONVERSION = YES;
				GCC_WARN_ABOUT_RETURN_TYPE = YES_ERROR;
				GCC_WARN_UNDECLARED_SELECTOR = YES;
				GCC_WARN_UNINITIALIZED_AUTOS = YES_AGGRESSIVE;
				GCC_WARN_UNUSED_FUNCTION = YES;
				GCC_WARN_UNUSED_VARIABLE = YES;
				IPHONEOS_DEPLOYMENT_TARGET = 16.2;
				MTL_ENABLE_DEBUG_INFO = NO;
				MTL_FAST_MATH = YES;
				SDKROOT = iphoneos;
				SWIFT_COMPILATION_MODE = wholemodule;
				SWIFT_OPTIMIZATION_LEVEL = "-O";
				VALIDATE_PRODUCT = YES;
			};
			name = Release;
		};
		DCE5D56929C1CE5E00B1D0F6 /* Debug */ = {
			isa = XCBuildConfiguration;
			baseConfigurationReference = F9BA2E1B9FDACE01FEFEDB62 /* Pods-SectorKids.debug.xcconfig */;
			buildSettings = {
				ASSETCATALOG_COMPILER_APPICON_NAME = AppIcon;
				ASSETCATALOG_COMPILER_GLOBAL_ACCENT_COLOR_NAME = AccentColor;
				CLANG_ENABLE_OBJC_ARC = YES;
				CODE_SIGN_STYLE = Automatic;
				CURRENT_PROJECT_VERSION = 1;
				DEVELOPMENT_TEAM = Q6ADGJMW5Y;
				GENERATE_INFOPLIST_FILE = YES;
				INFOPLIST_FILE = SectorKids/Info.plist;
				INFOPLIST_KEY_UIApplicationSupportsIndirectInputEvents = YES;
				INFOPLIST_KEY_UILaunchStoryboardName = LaunchScreen.storyboard;
				INFOPLIST_KEY_UISupportedInterfaceOrientations = UIInterfaceOrientationPortrait;
				LD_RUNPATH_SEARCH_PATHS = (
					"$(inherited)",
					"@executable_path/Frameworks",
				);
				MARKETING_VERSION = 1.0;
				PRODUCT_BUNDLE_IDENTIFIER = rakhamtillo.topiboldiev.SectorKids;
				PRODUCT_NAME = "$(TARGET_NAME)";
				SWIFT_EMIT_LOC_STRINGS = YES;
				SWIFT_VERSION = 5.0;
				TARGETED_DEVICE_FAMILY = "1,2";
			};
			name = Debug;
		};
		DCE5D56A29C1CE5E00B1D0F6 /* Release */ = {
			isa = XCBuildConfiguration;
			baseConfigurationReference = 4C9F09A1585BA8CBE6AAD2AE /* Pods-SectorKids.release.xcconfig */;
			buildSettings = {
				ASSETCATALOG_COMPILER_APPICON_NAME = AppIcon;
				ASSETCATALOG_COMPILER_GLOBAL_ACCENT_COLOR_NAME = AccentColor;
				CLANG_ENABLE_OBJC_ARC = YES;
				CODE_SIGN_STYLE = Automatic;
				CURRENT_PROJECT_VERSION = 1;
				DEVELOPMENT_TEAM = Q6ADGJMW5Y;
				GENERATE_INFOPLIST_FILE = YES;
				INFOPLIST_FILE = SectorKids/Info.plist;
				INFOPLIST_KEY_UIApplicationSupportsIndirectInputEvents = YES;
				INFOPLIST_KEY_UILaunchStoryboardName = LaunchScreen.storyboard;
				INFOPLIST_KEY_UISupportedInterfaceOrientations = UIInterfaceOrientationPortrait;
				LD_RUNPATH_SEARCH_PATHS = (
					"$(inherited)",
					"@executable_path/Frameworks",
				);
				MARKETING_VERSION = 1.0;
				PRODUCT_BUNDLE_IDENTIFIER = rakhamtillo.topiboldiev.SectorKids;
				PRODUCT_NAME = "$(TARGET_NAME)";
				SWIFT_EMIT_LOC_STRINGS = YES;
				SWIFT_VERSION = 5.0;
				TARGETED_DEVICE_FAMILY = "1,2";
			};
			name = Release;
		};
/* End XCBuildConfiguration section */

/* Begin XCConfigurationList section */
		DCE5D54F29C1CE5A00B1D0F6 /* Build configuration list for PBXProject "SectorKids" */ = {
			isa = XCConfigurationList;
			buildConfigurations = (
				DCE5D56629C1CE5E00B1D0F6 /* Debug */,
				DCE5D56729C1CE5E00B1D0F6 /* Release */,
			);
			defaultConfigurationIsVisible = 0;
			defaultConfigurationName = Release;
		};
		DCE5D56829C1CE5E00B1D0F6 /* Build configuration list for PBXNativeTarget "SectorKids" */ = {
			isa = XCConfigurationList;
			buildConfigurations = (
				DCE5D56929C1CE5E00B1D0F6 /* Debug */,
				DCE5D56A29C1CE5E00B1D0F6 /* Release */,
			);
			defaultConfigurationIsVisible = 0;
			defaultConfigurationName = Release;
		};
/* End XCConfigurationList section */
	};
	rootObject = DCE5D54C29C1CE5A00B1D0F6 /* Project object */;
}
